<?xml version="1.0" encoding="utf-8"?>
<Project ToolsVersion="4.0" xmlns="http://schemas.microsoft.com/developer/msbuild/2003">
  <ItemGroup>
    <Filter Include="ソース ファイル">
      <UniqueIdentifier>{4FC737F1-C7A5-4376-A066-2A32D752A2FF}</UniqueIdentifier>
      <Extensions>cpp;c;cc;cxx;c++;def;odl;idl;hpj;bat;asm;asmx</Extensions>
    </Filter>
    <Filter Include="ヘッダー ファイル">
      <UniqueIdentifier>{93995380-89BD-4b04-88EB-625FBE52EBFB}</UniqueIdentifier>
      <Extensions>h;hh;hpp;hxx;h++;hm;inl;inc;ipp;xsd</Extensions>
    </Filter>
    <Filter Include="リソース ファイル">
      <UniqueIdentifier>{67DA6AB6-F800-4c08-8B7A-83BB121AAD01}</UniqueIdentifier>
      <Extensions>rc;ico;cur;bmp;dlg;rc2;rct;bin;rgs;gif;jpg;jpeg;jpe;resx;tiff;tif;png;wav;mfcribbon-ms</Extensions>
    </Filter>
    <Filter Include="DOC">
      <UniqueIdentifier>{558aa4c3-58cd-4d77-a0b1-1631c7ba0fec}</UniqueIdentifier>
    </Filter>
  </ItemGroup>
  <ItemGroup>
    <ClInclude Include="StressCPU.h">
      <Filter>ヘッダー ファイル</Filter>
    </ClInclude>
    <ClInclude Include="StressCPUDlg.h">
      <Filter>ヘッダー ファイル</Filter>
    </ClInclude>
    <ClInclude Include="framework.h">
      <Filter>ヘッダー ファイル</Filter>
    </ClInclude>
    <ClInclude Include="targetver.h">
      <Filter>ヘッダー ファイル</Filter>
    </ClInclude>
    <ClInclude Include="Resource.h">
      <Filter>ヘッダー ファイル</Filter>
    </ClInclude>
    <ClInclude Include="pch.h">
      <Filter>ヘッダー ファイル</Filter>
    </ClInclude>
    <ClInclude Include="MultiThread.h">
      <Filter>ヘッダー ファイル</Filter>
    </ClInclude>
    <ClInclude Include="CPUID.h">
      <Filter>ヘッダー ファイル</Filter>
    </ClInclude>
    <ClInclude Include="CVersionDlg.h">
      <Filter>ヘッダー ファイル</Filter>
    </ClInclude>
    <ClInclude Include="SCPU.h">
      <Filter>ヘッダー ファイル</Filter>
    </ClInclude>
    <ClInclude Include="CDialogEnding.h">
      <Filter>ヘッダー ファイル</Filter>
    </ClInclude>
    <ClInclude Include="PrgbCtrl.h">
      <Filter>ヘッダー ファイル</Filter>
    </ClInclude>
  </ItemGroup>
  <ItemGroup>
    <ClCompile Include="StressCPU.cpp">
      <Filter>ソース ファイル</Filter>
    </ClCompile>
    <ClCompile Include="StressCPUDlg.cpp">
      <Filter>ソース ファイル</Filter>
    </ClCompile>
    <ClCompile Include="pch.cpp">
      <Filter>ソース ファイル</Filter>
    </ClCompile>
    <ClCompile Include="MultiThread.cpp">
      <Filter>ソース ファイル</Filter>
    </ClCompile>
    <ClCompile Include="CPUID.cpp">
      <Filter>ソース ファイル</Filter>
    </ClCompile>
    <ClCompile Include="CVersionDlg.cpp">
      <Filter>ソース ファイル</Filter>
    </ClCompile>
    <ClCompile Include="SCPU.cpp">
      <Filter>ソース ファイル</Filter>
    </ClCompile>
    <ClCompile Include="CDialogEnding.cpp">
      <Filter>ソース ファイル</Filter>
    </ClCompile>
    <ClCompile Include="PrgbCtrl.cpp">
      <Filter>ソース ファイル</Filter>
    </ClCompile>
  </ItemGroup>
  <ItemGroup>
    <ResourceCompile Include="StressCPU.rc">
      <Filter>リソース ファイル</Filter>
    </ResourceCompile>
  </ItemGroup>
  <ItemGroup>
    <None Include="res\StressCPU.rc2">
      <Filter>リソース ファイル</Filter>
    </None>
    <None Include="DOC\内部仕様.xlsx">
      <Filter>DOC</Filter>
    </None>
    <None Include="DOC\相互参照変数一覧.xlsx">
      <Filter>DOC</Filter>
    </None>
    <None Include="DOC\操作マニュアル.xlsx">
      <Filter>DOC</Filter>
    </None>
  </ItemGroup>
  <ItemGroup>
    <Image Include="res\CPU.ico">
      <Filter>リソース ファイル</Filter>
    </Image>
    <Image Include="res\StressCPU.ico">
      <Filter>リソース ファイル</Filter>
    </Image>
    <Image Include="res\CPUNEW.ico">
      <Filter>リソース ファイル</Filter>
    </Image>
    <Image Include="res\amd_cpu.jpg">
      <Filter>リソース ファイル</Filter>
    </Image>
    <Image Include="res\intel_cpu.jpg">
      <Filter>リソース ファイル</Filter>
    </Image>
    <Image Include="E:\vs_app\StressCPU2\res\StressCPU.ico">
      <Filter>リソース ファイル</Filter>
    </Image>
    <Image Include="e:\vs_app\stresscpu2\res\CPUNEW.ico">
      <Filter>リソース ファイル</Filter>
    </Image>
  </ItemGroup>
</Project>